
Microsoft Visual Studio Solution File, Format Version 12.00
# Visual Studio 14
VisualStudioVersion = 14.0.25123.0
MinimumVisualStudioVersion = 10.0.40219.1
Project("{FAE04EC0-301F-11D3-BF4B-00C04F79EFBC}") = "ScreenTaker", "ScreenTaker\ScreenTaker.csproj", "{0039CE99-B4BB-4551-A438-34BF1658F6BA}"
EndProject
Project("{FAE04EC0-301F-11D3-BF4B-00C04F79EFBC}") = "ScreenTaker.Data", "ScreenTaker.Data\ScreenTaker.Data.csproj", "{4F81187D-6083-457A-B3FE-623347F39A5C}"
EndProject
Global
	GlobalSection(SolutionConfigurationPlatforms) = preSolution
		Debug|Any CPU = Debug|Any CPU
		Release|Any CPU = Release|Any CPU
	EndGlobalSection
	GlobalSection(ProjectConfigurationPlatforms) = postSolution
		{0039CE99-B4BB-4551-A438-34BF1658F6BA}.Debug|Any CPU.ActiveCfg = Debug|Any CPU
		{0039CE99-B4BB-4551-A438-34BF1658F6BA}.Debug|Any CPU.Build.0 = Debug|Any CPU
		{0039CE99-B4BB-4551-A438-34BF1658F6BA}.Release|Any CPU.ActiveCfg = Release|Any CPU
		{0039CE99-B4BB-4551-A438-34BF1658F6BA}.Release|Any CPU.Build.0 = Release|Any CPU
		{4F81187D-6083-457A-B3FE-623347F39A5C}.Debug|Any CPU.ActiveCfg = Debug|Any CPU
		{4F81187D-6083-457A-B3FE-623347F39A5C}.Debug|Any CPU.Build.0 = Debug|Any CPU
		{4F81187D-6083-457A-B3FE-623347F39A5C}.Release|Any CPU.ActiveCfg = Release|Any CPU
		{4F81187D-6083-457A-B3FE-623347F39A5C}.Release|Any CPU.Build.0 = Release|Any CPU
	EndGlobalSection
	GlobalSection(SolutionProperties) = preSolution
		HideSolutionNode = FALSE
	EndGlobalSection
EndGlobal
